hash: 584c9db44ed61e38b043e033cc12c9a6f229a5a91a110b1f4a69bf48f843e0f1
updated: 2017-08-21T11:29:52.316754668-04:00
imports:
- name: cloud.google.com/go
  version: 06f11fffc537c4aef126d9fd3a92e2d7968f118f
  subpackages:
  - compute/metadata
- name: github.com/badoux/checkmail
  version: d0a759655d62bcdc95c50a0676f3e9702ed59453
- name: github.com/davecgh/go-spew
  version: 6d212800a42e8ab5c146b8ace3490ee17e5225f9
  subpackages:
  - spew
- name: github.com/dgrijalva/jwt-go
  version: d2709f9f1f31ebcda9651b03077758c1f3a0018c
- name: github.com/fsnotify/fsnotify
  version: 4da3e2cfbabc9f751898f250b49f2439785783a1
- name: github.com/go-chi/chi
  version: b8567b6442e27704bfeb725095091581cbe82a00
  subpackages:
  - middleware
- name: github.com/go-sql-driver/mysql
  version: a0583e0143b1624142adab07e0e97fe106d99561
- name: github.com/golang/protobuf
  version: ab9f9a6dab164b7d1246e0e688b0ab7b94d8553e
  subpackages:
  - proto
- name: github.com/GoogleCloudPlatform/cloudsql-proxy
  version: 571947b0f240c8b2fa4d163065e5b155920ddfa9
  subpackages:
  - logging
  - proxy/certs
  - proxy/dialers/postgres
  - proxy/proxy
  - proxy/util
- name: github.com/hashicorp/hcl
  version: 392dba7d905ed5d04a5794ba89f558b27e2ba1ca
  subpackages:
  - hcl/ast
  - hcl/parser
  - hcl/scanner
  - hcl/strconv
  - hcl/token
  - json/parser
  - json/scanner
  - json/token
- name: github.com/imdario/mergo
  version: 3e95a51e0639b4cf372f2ccf74c86749d747fbdc
- name: github.com/inconshreveable/mousetrap
  version: 76626ae9c91c4f2a10f34cad8ce83ea42c93bb75
- name: github.com/jinzhu/gorm
  version: 5b8c0dd6b92d9caa8036c31dcb117f2df7cceefa
- name: github.com/jinzhu/inflection
  version: 1c35d901db3da928c72a72d8458480cc9ade058f
- name: github.com/joho/godotenv
  version: 726cc8b906e3d31c70a9671c90a13716a8d3f50d
- name: github.com/kelseyhightower/envconfig
  version: f611eb38b3875cc3bd991ca91c51d06446afa14c
- name: github.com/kr/logfmt
  version: b84e30acd515aadc4b783ad4ff83aff3299bdfe0
- name: github.com/lib/pq
  version: e42267488fe361b9dc034be7a6bffef5b195bceb
  subpackages:
  - oid
- name: github.com/magiconair/properties
  version: be5ece7dd465ab0765a9682137865547526d1dfb
- name: github.com/mattn/go-sqlite3
  version: 3b3f1d01b2696af5501697c35629048c227586ab
- name: github.com/mitchellh/mapstructure
  version: d0303fe809921458f417bcf828397a65db30a7e4
- name: github.com/nats-io/nats
  version: 61923ed1eaf8398000991fbbee2ef11ab5a5be0d
  subpackages:
  - encoders/builtin
  - util
- name: github.com/nats-io/nuid
  version: 3cf34f9fca4e88afa9da8eabd75e3326c9941b44
- name: github.com/netlify/mailme
  version: c4a76ce443c1122ead2518b28cc7ffaf1091cc9a
- name: github.com/netlify/netlify-commons
  version: 450321a763ac6f9a30b9553fdf8bde076e8215ca
  subpackages:
  - graceful
  - messaging
  - metrics
  - metrics/transport
  - nconf
  - tls
- name: github.com/pborman/uuid
  version: a97ce2ca70fa5a848076093f05e639a89ca34d06
- name: github.com/pelletier/go-toml
  version: 4692b8f9babfc93db58cc592ba2689d8736781de
- name: github.com/pkg/errors
  version: 645ef00459ed84a119197bfb8d8205042c6df63d
- name: github.com/pmezard/go-difflib
  version: d8ed2627bdf02c080bf22230dbb337003b7aba2d
  subpackages:
  - difflib
- name: github.com/rs/cors
  version: 8dd4211afb5d08dbb39a533b9bb9e4b486351df6
- name: github.com/rybit/nats_logrus_hook
  version: 8d9e8da6aeca6fe5ab668efa91d1ea0722af8d1a
- name: github.com/sebest/xff
  version: 6c115e0ffa35d6a2e3f7a9e797c9cf07f0da4b9f
- name: github.com/signalfx/com_signalfx_metrics_protobuf
  version: 93e507b42f43f458a109ca278d1542a26a0b87fc
- name: github.com/signalfx/gohistogram
  version: 1ccfd2ff508314074672f4450a917011a2060408
- name: github.com/signalfx/golib
  version: cb7680940d605b817db79790c241eed2a00fa6e6
  subpackages:
  - datapoint
  - errors
  - event
  - eventcounter
  - log
  - sfxclient
  - timekeeper
- name: github.com/sirupsen/logrus
  version: a3f95b5c423586578a4e099b11a46c2479628cac
- name: github.com/spf13/afero
  version: 9be650865eab0c12963d8753212f4f9c66cdcf12
  subpackages:
  - mem
- name: github.com/spf13/cast
  version: acbeb36b902d72a7a4c18e8f3241075e7ab763e4
- name: github.com/spf13/cobra
  version: 4a7b7e65864c064d48dce82efbbfed2bdc0bf2aa
- name: github.com/spf13/jwalterweatherman
  version: 0efa5202c04663c757d84f90f5219c1250baf94f
- name: github.com/spf13/pflag
  version: e57e3eeb33f795204c1ca35f56c44f83227c6e66
- name: github.com/spf13/viper
  version: 25b30aa063fc18e48662b86996252eabdcf2f0c7
- name: github.com/streadway/amqp
  version: 2cbfe40c9341ad63ba23e53013b3ddc7989d801c
- name: github.com/stretchr/testify
  version: 69483b4bd14f5845b5a1e55bca19e954e827f1d0
  subpackages:
  - assert
  - require
  - suite
- name: golang.org/x/crypto
  version: eb71ad9bd329b5ac0fd0148dd99bd62e8be8e035
  subpackages:
  - bcrypt
  - blowfish
- name: golang.org/x/net
  version: 1c05540f6879653db88113bc4a2b70aec4bd491f
  subpackages:
  - context
  - context/ctxhttp
- name: golang.org/x/oauth2
  version: 9a379c6b3e95a790ffc43293c2a78dee0d7b6e20
  subpackages:
  - bitbucket
  - github
  - google
  - internal
  - jws
  - jwt
- name: golang.org/x/sys
  version: 07c182904dbd53199946ba614a412c61d3c548f5
  subpackages:
  - unix
- name: golang.org/x/text
  version: e56139fd9c5bc7244c76116c68e500765bb6db6b
  subpackages:
  - transform
  - unicode/norm
- name: google.golang.org/api
  version: ed10e890a8366167a7ce33fac2b12447987bcb1c
  subpackages:
  - gensupport
  - googleapi
  - googleapi/internal/uritemplates
  - sqladmin/v1beta4
- name: google.golang.org/appengine
  version: d9a072cfa7b9736e44311ef77b3e09d804bfa599
  subpackages:
  - internal
  - internal/app_identity
  - internal/base
  - internal/datastore
  - internal/log
  - internal/modules
  - internal/remote_api
  - internal/urlfetch
  - urlfetch
- name: gopkg.in/alexcesaro/quotedprintable.v3
  version: 2caba252f4dc53eaf6b553000885530023f54623
- name: gopkg.in/gomail.v2
  version: 41f3572897373c5538c50a2402db15db079fa4fd
- name: gopkg.in/logfmt.v0
  version: 390ab7935ee28ec6b286364bba9b4dd6410cb3d5
- name: gopkg.in/mgo.v2
  version: 3f83fa5005286a7fe593b055f0d7771a7dce4655
  subpackages:
  - bson
  - internal/json
  - internal/sasl
  - internal/scram
  - txn
- name: gopkg.in/stack.v1
  version: 817915b46b97fd7bb80e8ab6b69f01a53ac3eebf
- name: gopkg.in/yaml.v2
  version: eb3733d160e74a9c7e442f435eb3bea458e1d19f
testImports: []
