cloud.google.com/go v0.0.0-20170822200954-98f5696b1026 h1:h51R+fYV+r8EoCQei90mcXqCDhDaUHiMI2nmZAl9Y8U=
cloud.google.com/go v0.0.0-20170822200954-98f5696b1026/go.mod h1:aQUYkXzVsufM+DwF1aE+0xfcU+56JwCaLick0ClmMTw=
github.com/GoogleCloudPlatform/cloudsql-proxy v0.0.0-20170623214735-571947b0f240 h1:bCOIpv1VinSRhS5ezZeCEGG82gib2WtXfiJOHmMSuls=
github.com/GoogleCloudPlatform/cloudsql-proxy v0.0.0-20170623214735-571947b0f240/go.mod h1:aJ4qN3TfrelA6NZ6AXsXRfmEVaYin3EDbSPJrKS8OXo=
github.com/badoux/checkmail v0.0.0-20170203135005-d0a759655d62 h1:vMqcPzLT1/mbYew0gM6EJy4/sCNy9lY9rmlFO+pPwhY=
github.com/badoux/checkmail v0.0.0-20170203135005-d0a759655d62/go.mod h1:r5ZalvRl3tXevRNJkwIB6DC4DD3DMjIlY9NEU1XGoaQ=
github.com/beevik/etree v0.0.0-20180609182452-90dafc1e1f11 h1:C2jA9xWe9gk/WFMzvR6q0tT/TNNnIJUyeowUO1Y2/VQ=
github.com/beevik/etree v0.0.0-20180609182452-90dafc1e1f11/go.mod h1:r8Aw8JqVegEf0w2fDnATrX9VpkMcyFeM0FhwO62wh+A=
github.com/bugsnag/bugsnag-go v1.3.0 h1:vIHdYCVDBtzRcj5wvxljvbnFduWpYGPt3esulAsX/Vk=
github.com/bugsnag/bugsnag-go v1.3.0/go.mod h1:2oa8nejYd4cQ/b0hMIopN0lCRxU0bueqREvZLWFrtK8=
github.com/bugsnag/panicwrap v0.0.0-20170829152406-dd8df9a3778a h1:PCdP9urEqpfeUml5st/Yn3GoL2QBaECdTlh7faGj1KA=
github.com/bugsnag/panicwrap v0.0.0-20170829152406-dd8df9a3778a/go.mod h1:D/8v3kj0zr8ZAKg1AQ6crr+5VwKN5eIywRkfhyM/+dE=
github.com/cockroachdb/cockroach-go v0.0.0-20181001143604-e0a95dfd547c h1:2zRrJWIt/f9c9HhNHAgrRgq0San5gRRUJTBXLkchal0=
github.com/cockroachdb/cockroach-go v0.0.0-20181001143604-e0a95dfd547c/go.mod h1:XGLbWH/ujMcbPbhZq52Nv6UrCghb1yGn//133kEsvDk=
github.com/davecgh/go-spew v1.1.1 h1:vj9j/u1bqnvCEfJOwUhtlOARqs3+rkHYY13jYWTU97c=
github.com/davecgh/go-spew v1.1.1/go.mod h1:J7Y8YcW2NihsgmVo/mv3lAwl/skON4iLHjSsI+c5H38=
github.com/dgrijalva/jwt-go v3.0.0+incompatible h1:nfVqwkkhaRUethVJaQf5TUFdFr3YUF4lJBTf/F2XwVI=
github.com/dgrijalva/jwt-go v3.0.0+incompatible/go.mod h1:E3ru+11k8xSBh+hMPgOLZmtrrCbhqsmaPHjLKYnJCaQ=
github.com/fatih/color v0.0.0-20170926111411-5df930a27be2 h1:40J76vs1Y7oiHFqTrQHQ6A5u8vbXJdLaMkC9iHU/uMw=
github.com/fatih/color v0.0.0-20170926111411-5df930a27be2/go.mod h1:Zm6kSWBoL9eyXnKyktHP6abPY2pDugNf5KwzbycvMj4=
github.com/fatih/structs v0.0.0-20181010231757-878a968ab225/go.mod h1:9NiDSp5zOcgEDl+j00MP/WkGVPOlPRLejGD8Ga6PJ7M=
github.com/fatih/structs v1.0.0 h1:BrX964Rv5uQ3wwS+KRUAJCBBw5PQmgJfJ6v4yly5QwU=
github.com/fatih/structs v1.0.0/go.mod h1:9NiDSp5zOcgEDl+j00MP/WkGVPOlPRLejGD8Ga6PJ7M=
github.com/fsnotify/fsnotify v0.0.0-20160816051541-f12c6236fe7b/go.mod h1:jwhsz4b93w/PPRr/qN1Yymfu8t87LnFCMoQvtojpjFo=
github.com/fsnotify/fsnotify v1.4.7 h1:IXs+QLmnXW2CcXuY+8Mzv/fWEsPGWxqefPtCP5CnV9I=
github.com/fsnotify/fsnotify v1.4.7/go.mod h1:jwhsz4b93w/PPRr/qN1Yymfu8t87LnFCMoQvtojpjFo=
github.com/go-chi/chi v3.1.4+incompatible h1:LZzu7MOZa3YkL+u2j94DZSotXAIAO2KW5xRZ6SGaF+A=
github.com/go-chi/chi v3.1.4+incompatible/go.mod h1:eB3wogJHnLi3x/kFX2A+IbTBlXxmMeXJVKy9tTv1XzQ=
github.com/go-sql-driver/mysql v1.3.0/go.mod h1:zAC/RDZ24gD3HViQzih4MyKcchzm+sOG5ZlKdlhCg5w=
github.com/go-sql-driver/mysql v1.4.0 h1:7LxgVwFb2hIQtMm87NdgAVfXjnt4OePseqT1tKx+opk=
github.com/go-sql-driver/mysql v1.4.0/go.mod h1:zAC/RDZ24gD3HViQzih4MyKcchzm+sOG5ZlKdlhCg5w=
github.com/gobuffalo/envy v0.0.0-20171219192953-a1789093e51b/go.mod h1:gOxUQY+OEwqH1a2m25Sqax1GIhj31tPNOIdFzj8QThs=
github.com/gobuffalo/envy v1.6.4 h1:kxamN+VYjPMzEdjc2mn4CIKiuYXGxc8VIwXJNixFlNY=
github.com/gobuffalo/envy v1.6.4/go.mod h1:Abh+Jfw475/NWtYMEt+hnJWRiC8INKWibIMyNt1w2Mc=
github.com/gobuffalo/fizz v1.0.12 h1:JJOkmlStog5AiBL434UoGMJ896p3MnTnzedFVaZSF3k=
github.com/gobuffalo/fizz v1.0.12/go.mod h1:C0sltPxpYK8Ftvf64kbsQa2yiCZY4RZviurNxXdAKwc=
github.com/gobuffalo/flect v0.0.0-20181007231023-ae7ed6bfe683 h1:uHrn7kCcU0zQ8snv1ogsNttxXZagNBr/gtYUf9LPr4Q=
github.com/gobuffalo/flect v0.0.0-20181007231023-ae7ed6bfe683/go.mod h1:rCiQgmAE4axgBNl3jZWzS5rETRYTGOsrixTRaCPzNdA=
github.com/gobuffalo/github_flavored_markdown v1.0.5 h1:YvGVf7yj1akgsb+qc64Q0WX8uhpuZSibChbqOMRSAqE=
github.com/gobuffalo/github_flavored_markdown v1.0.5/go.mod h1:U0643QShPF+OF2tJvYNiYDLDGDuQmJZXsf/bHOJPsMY=
github.com/gobuffalo/makr v1.1.5 h1:lOlpv2iz0dNa4qse0ZYQgbtT+ybwVxWEAcOZbcPmeYc=
github.com/gobuffalo/makr v1.1.5/go.mod h1:Y+o0btAH1kYAMDJW/TX3+oAXEu0bmSLLoC9mIFxtzOw=
github.com/gobuffalo/packr v1.10.0 h1:Aym0Vng0Ews9gz7WxB9O2IMqIZLwtnpQSgu1/b9sNWE=
github.com/gobuffalo/packr v1.10.0/go.mod h1:rYwMLC6NXbAbkKb+9j3NTKbxSswkKLlelZYccr4HYVw=
github.com/gobuffalo/plush v3.7.16+incompatible/go.mod h1:rQ4zdtUUyZNqULlc6bqd5scsPfLKfT0+TGMChgduDvI=
github.com/gobuffalo/plush v3.7.20+incompatible h1:FgLKw/zwd8IY8lAqfSuVNuHopR7jKVSs6yjJKeBajzU=
github.com/gobuffalo/plush v3.7.20+incompatible/go.mod h1:rQ4zdtUUyZNqULlc6bqd5scsPfLKfT0+TGMChgduDvI=
github.com/gobuffalo/pop v4.8.4+incompatible h1:5v15ZgICK3MFTU90QRqCaqDUf4wcriIbws1hqpYL2Xo=
github.com/gobuffalo/pop v4.8.4+incompatible/go.mod h1:DwBz3SD5SsHpTZiTubcsFWcVDpJWGsxjVjMPnkiThWg=
github.com/gobuffalo/tags v2.0.11+incompatible h1:zLkaontB8lWefU+DX38mzPLRKFGTJL8FKb9JnKMt0Z0=
github.com/gobuffalo/tags v2.0.11+incompatible/go.mod h1:9XmhOkyaB7UzvuY4UoZO4s67q8/xRMVJEaakauVQYeY=
github.com/gobuffalo/uuid v0.0.0-20180818155429-2a766f2b8b82/go.mod h1:ErhIzkRhm0FtRuiE/PeORqcw4cVi1RtSpnwYrxuvkfE=
github.com/gobuffalo/uuid v2.0.3+incompatible h1:W83ymTRbzM+XNntIsjC8j63FyzGytcfKTudU1Cg6xyk=
github.com/gobuffalo/uuid v2.0.3+incompatible/go.mod h1:ErhIzkRhm0FtRuiE/PeORqcw4cVi1RtSpnwYrxuvkfE=
github.com/gobuffalo/validate v0.0.0-20180818155506-35866c4badf3/go.mod h1:N+EtDe0J8252BgfzQUChBgfd6L93m9weay53EWFVsMM=
github.com/gobuffalo/validate v2.0.3+incompatible h1:6f4JCEz11Zi6iIlexMv7Jz10RBPvgI795AOaubtCwTE=
github.com/gobuffalo/validate v2.0.3+incompatible/go.mod h1:N+EtDe0J8252BgfzQUChBgfd6L93m9weay53EWFVsMM=
github.com/gogo/protobuf v0.0.0-20171109181519-616a82ed12d7 h1:wUh9BSaLyofkj2q6c4+F4NlHHw2fkMArhOUBOTgTQdk=
github.com/gogo/protobuf v0.0.0-20171109181519-616a82ed12d7/go.mod h1:r8qH/GZQm5c6nD/R0oafs1akxWv10x8SbQlK7atdtwQ=
github.com/golang/protobuf v0.0.0-20170816001514-ab9f9a6dab16/go.mod h1:6lQm79b+lXiMfvg/cZm0SGofjICqVBUtrP5yJMmIC1U=
github.com/golang/protobuf v1.2.0 h1:P3YflyNX/ehuJFLhxviNdFxQPkGK5cDcApsge1SqnvM=
github.com/golang/protobuf v1.2.0/go.mod h1:6lQm79b+lXiMfvg/cZm0SGofjICqVBUtrP5yJMmIC1U=
github.com/hashicorp/hcl v0.0.0-20160902165219-99df0eb941dd h1:84QdurP28/GTPuAXatiouvNyhN9dflZY9KtMbatmupI=
github.com/hashicorp/hcl v0.0.0-20160902165219-99df0eb941dd/go.mod h1:oZtUIOe8dh44I2q6ScRibXws4Ajl+d+nod3AaR9vL5w=
github.com/hpcloud/tail v1.0.0/go.mod h1:ab1qPbhIpdTxEkNHXyeSf5vhxWSCs/tWer42PpOxQnU=
github.com/imdario/mergo v0.0.0-20160216103600-3e95a51e0639 h1:VMd01CgpBpmLpuERyY4Oibn2PpcVS1fK9sjh5UZG8+o=
github.com/imdario/mergo v0.0.0-20160216103600-3e95a51e0639/go.mod h1:2EnlNZ0deacrJVfApfmtdGgDfMuh/nq6Ok1EcJh5FfA=
github.com/inconshreveable/mousetrap v1.0.0 h1:Z8tu5sraLXCXIcARxBp/8cbvlwVa7Z1NHg9XEKhtSvM=
github.com/inconshreveable/mousetrap v1.0.0/go.mod h1:PxqpIevigyE2G7u3NXJIT2ANytuPF1OarO4DADm73n8=
github.com/jackc/pgx v0.0.0-20181010125647-20eaa7963b9d h1:hdxkXtTSKU/t+ClVSk3Lx6eiGT6D2WwVXpUJhoF75Yw=
github.com/jackc/pgx v0.0.0-20181010125647-20eaa7963b9d/go.mod h1:0ZGrqGqkRlliWnWB4zKnWtjbSWbGkVEFm4TeybAXq+I=
github.com/jmoiron/sqlx v0.0.0-20171211234905-de8647470aaf/go.mod h1:IiEW3SEiiErVyFdH8NTuWjSifiEQKUoyK3LNqr2kCHU=
github.com/jmoiron/sqlx v0.0.0-20180614180643-0dae4fefe7c0 h1:5B0uxl2lzNRVkJVg+uGHxWtRt4C0Wjc6kJKo5XYx8xE=
github.com/jmoiron/sqlx v0.0.0-20180614180643-0dae4fefe7c0/go.mod h1:IiEW3SEiiErVyFdH8NTuWjSifiEQKUoyK3LNqr2kCHU=
github.com/joho/godotenv v1.2.0/go.mod h1:7hK45KPybAkOC6peb+G5yklZfMxEjkZhHbwpqxOKXbg=
github.com/joho/godotenv v1.3.0 h1:Zjp+RcGpHhGlrMbJzXTrZZPrWj+1vfm90La1wgB6Bhc=
github.com/joho/godotenv v1.3.0/go.mod h1:7hK45KPybAkOC6peb+G5yklZfMxEjkZhHbwpqxOKXbg=
github.com/jonboulle/clockwork v0.0.0-20180716110948-e7c6d408fd5c h1:P2BrTyxPK1DQLq5+Y5LQ0BWli1oO+ebRi7J6ojFhykE=
github.com/jonboulle/clockwork v0.0.0-20180716110948-e7c6d408fd5c/go.mod h1:Ii8DK3G1RaLaWxj9trq07+26W01tbo22gdxWY5EU2bo=
github.com/kardianos/osext v0.0.0-20170510131534-ae77be60afb1 h1:PJPDf8OUfOK1bb/NeTKd4f1QXZItOX389VN3B6qC8ro=
github.com/kardianos/osext v0.0.0-20170510131534-ae77be60afb1/go.mod h1:1NbS8ALrpOvjt0rHPNLyCIeMtbizbir8U//inJ+zuB8=
github.com/kballard/go-shellquote v0.0.0-20180428030007-95032a82bc51 h1:Z9n2FFNUXsshfwJMBgNA0RU6/i7WVaAegv3PtuIHPMs=
github.com/kballard/go-shellquote v0.0.0-20180428030007-95032a82bc51/go.mod h1:CzGEWj7cYgsdH8dAjBGEr58BoE7ScuLd+fwFZ44+/x8=
github.com/kelseyhightower/envconfig v1.3.0 h1:IvRS4f2VcIQy6j4ORGIf9145T/AsUB+oY8LyvN8BXNM=
github.com/kelseyhightower/envconfig v1.3.0/go.mod h1:cccZRl6mQpaq41TPp5QxidR+Sa3axMbJDNb//FQX6Gg=
github.com/kr/fs v0.0.0-20131111012553-2788f0dbd169 h1:YUrU1/jxRqnt0PSrKj1Uj/wEjk/fjnE80QFfi2Zlj7Q=
github.com/kr/fs v0.0.0-20131111012553-2788f0dbd169/go.mod h1:glhvuHOU9Hy7/8PwwdtnarXqLagOX0b/TbZx2zLMqEg=
github.com/kr/logfmt v0.0.0-20140226030751-b84e30acd515/go.mod h1:+0opPa2QZZtGFBFZlji/RkVcI2GknAs/DXo4wKdlNEc=
github.com/kr/pretty v0.1.0 h1:L/CwN0zerZDmRFUapSPitk6f+Q3+0za1rQkzVuMiMFI=
github.com/kr/pretty v0.1.0/go.mod h1:dAy3ld7l9f0ibDNOQOHHMYYIIbhfbHSm3C4ZsoJORNo=
github.com/kr/pty v1.1.1/go.mod h1:pFQYn66WHrOpPYNljwOMqo10TkYh1fy3cYio2l3bCsQ=
github.com/kr/text v0.1.0 h1:45sCR5RtlFHMR4UwH9sdQ5TC8v0qDQCHnXt+kaKSTVE=
github.com/kr/text v0.1.0/go.mod h1:4Jbv+DJW3UT/LiOwJeYQe1efqtUx/iVham/4vfdArNI=
github.com/lib/pq v0.0.0-20170306183709-ca5bc43047f2/go.mod h1:5WUZQaWbwv1U+lTReE5YruASi9Al49XbQIvNi/34Woo=
github.com/lib/pq v1.0.0 h1:X5PMW56eZitiTeO7tKzZxFCSpbFZJtkMMooicw2us9A=
github.com/lib/pq v1.0.0/go.mod h1:5WUZQaWbwv1U+lTReE5YruASi9Al49XbQIvNi/34Woo=
github.com/magiconair/properties v0.0.0-20160908093658-0723e352fa35 h1:lKVye3pqP9/O2EuIorT0CivWJM3vMzS63kStsgONluY=
github.com/magiconair/properties v0.0.0-20160908093658-0723e352fa35/go.mod h1:PppfXfuXeibc/6YijjN8zIbojt8czPbwD3XqdrwzmxQ=
github.com/markbates/going v1.0.1 h1:IFDakPS7ROqx1rESYPSZmURUTwI4HWuM5waQIFCUZZQ=
github.com/markbates/going v1.0.1/go.mod h1:I6mnB4BPnEeqo85ynXIx1ZFLLbtiLHNXVgWeFO9OGOA=
github.com/markbates/inflect v0.0.0-20171215194931-a12c3aec81a6/go.mod h1:oTeZL2KHA7CUX6X+fovmK9OvIOFuqu0TwdQrZjLTh88=
github.com/markbates/inflect v1.0.0 h1:gTffXSQCc+WaIvBcI/IItJQMOemietXr5EIKLXDYqI4=
github.com/markbates/inflect v1.0.0/go.mod h1:oTeZL2KHA7CUX6X+fovmK9OvIOFuqu0TwdQrZjLTh88=
github.com/markbates/oncer v0.0.0-20181014194634-05fccaae8fc4 h1:Mlji5gkcpzkqTROyE4ZxZ8hN7osunMb2RuGVrbvMvCc=
github.com/markbates/oncer v0.0.0-20181014194634-05fccaae8fc4/go.mod h1:Ld9puTsIW75CHf65OeIOkyKbteujpZVXDpWK6YGZbxE=
github.com/mattn/go-colorable v0.0.0-20170210172801-5411d3eea597 h1:hGizH4aMDFFt1iOA4HNKC13lqIBoCyxIjWcAnWIy7aU=
github.com/mattn/go-colorable v0.0.0-20170210172801-5411d3eea597/go.mod h1:9vuHe8Xs5qXnSaW/c/ABM9alt+Vo+STaOChaDxuIBZU=
github.com/mattn/go-isatty v0.0.0-20170307163044-57fdcb988a5c h1:AHfQR/s6GNi92TOh+kfGworqDvTxj2rMsS+Hca87nck=
github.com/mattn/go-isatty v0.0.0-20170307163044-57fdcb988a5c/go.mod h1:M+lRXTBqGeGNdLjl/ufCoiOlB5xdOkqRJdNxMWT7Zi4=
github.com/mattn/go-sqlite3 v1.1.0/go.mod h1:FPy6KqzDD04eiIsT53CuJW3U88zkxoIYsOqkbpncsNc=
github.com/mattn/go-sqlite3 v1.9.0/go.mod h1:FPy6KqzDD04eiIsT53CuJW3U88zkxoIYsOqkbpncsNc=
github.com/microcosm-cc/bluemonday v1.0.1 h1:SIYunPjnlXcW+gVfvm0IlSeR5U3WZUOLfVmqg85Go44=
github.com/microcosm-cc/bluemonday v1.0.1/go.mod h1:hsXNsILzKxV+sX77C5b8FSuKF00vh2OMYv+xgHpAMF4=
github.com/mitchellh/go-homedir v0.0.0-20161203194507-b8bc1bf76747/go.mod h1:SfyaCUpYCn1Vlf4IUYiD9fPX4A5wJrkLzIz1N1q0pr0=
github.com/mitchellh/mapstructure v0.0.0-20170125051937-db1efb556f84 h1:rrg06yhhsqEELubsnYWqadxdi0CYJ97s899oUXDIrkY=
github.com/mitchellh/mapstructure v0.0.0-20170125051937-db1efb556f84/go.mod h1:FVVH3fgwuzCH5S8UJGiWEs2h04kUh9fWfEaFds41c1Y=
github.com/nats-io/go-nats v1.3.0 h1:CrvnAwoB2A2Yma+PcM+5tC++3/wswhcy8OvzqbsUXZQ=
github.com/nats-io/go-nats v1.3.0/go.mod h1:+t7RHT5ApZebkrQdnn6AhQJmhJJiKAvJUio1PiiCtj0=
github.com/nats-io/go-nats-streaming v0.3.4 h1:4z1stoQQfetddeodZ4huO24LK0QY75Mg4r9037J90MI=
github.com/nats-io/go-nats-streaming v0.3.4/go.mod h1:gfq4R3c9sKAINOpelo0gn/b9QDMBZnmrttcsNF+lqyo=
github.com/nats-io/nuid v0.0.0-20170303150224-3cf34f9fca4e h1:OMRBwfCdd+UhckVO+3OGdxnuaKD4IILn0aIJu9JRRbY=
github.com/nats-io/nuid v0.0.0-20170303150224-3cf34f9fca4e/go.mod h1:19wcPz3Ph3q0Jbyiqsd0kePYG7A95tJPxeL+1OSON2c=
github.com/netlify/mailme v0.0.0-20170821082834-c4a76ce443c1 h1:M2ZOTs3pghyh9s/FfCcp0FfsrVCgiDG76b4RAYTxBbE=
github.com/netlify/mailme v0.0.0-20170821082834-c4a76ce443c1/go.mod h1:/rGcC/hqh7XMtEAf3TGo/ZDKgtZ52ece1va5F+86HvI=
github.com/netlify/netlify-commons v0.7.7 h1:9U0abHrARBk7CiHTcSXV9cN262PAhzDLKP8LtlEDJzM=
github.com/netlify/netlify-commons v0.7.7/go.mod h1:yaQkVHTO9MTOpvR+Y+Pae8VF3bWoFbk54xULGuY2z0o=
github.com/onsi/ginkgo v1.6.0/go.mod h1:lLunBs/Ym6LB5Z9jYTR76FiuTmxDTDusOGeTQH+WWjE=
github.com/onsi/gomega v1.4.2/go.mod h1:ex+gbHU/CVuBBDIJjb2X0qEXbFg53c61hWP/1CpauHY=
github.com/pborman/uuid v0.0.0-20160209185913-a97ce2ca70fa/go.mod h1:VyrYX9gd7irzKovcSS6BIIEwPRkP2Wm2m9ufcdFSJ34=
github.com/pelletier/go-buffruneio v0.1.0 h1:ig6N9Cg71k/P+UUbhwdOFtJWz+qa8/3by7AzMprMWBM=
github.com/pelletier/go-buffruneio v0.1.0/go.mod h1:JkE26KsDizTr40EUHkXVtNPvgGtbSNq5BcowyYOWdKo=
github.com/pelletier/go-toml v0.0.0-20160906202557-31055c2ff0bb h1:71gxLeWANf91zBbHOiSh9oZnAnjJvS6TdROIMKCxmNg=
github.com/pelletier/go-toml v0.0.0-20160906202557-31055c2ff0bb/go.mod h1:5z9KED0ma1S8pY6P1sdut58dfprrGBbd/94hg7ilaic=
github.com/pkg/errors v0.8.0 h1:WdK/asTD0HN+q6hsWO3/vpuAkAr+tw6aNJNDFFf0+qw=
github.com/pkg/errors v0.8.0/go.mod h1:bwawxfHBFNV+L2hUp1rHADufV3IMtnDRdf1r5NINEl0=
github.com/pkg/sftp v0.0.0-20160908100035-8197a2e58073 h1:9PqYQCzKEbilrPJl3LDO16HdbA25Yqc3I25aUfgFaCs=
github.com/pkg/sftp v0.0.0-20160908100035-8197a2e58073/go.mod h1:NxmoDg/QLVWluQDUYG7XBZTLUpKeFa8e3aMf1BfjyHk=
github.com/pmezard/go-difflib v1.0.0 h1:4DBwDE0NGyQoBHbLQYPwSUPoCMWR5BEzIk/f1lZbAQM=
github.com/pmezard/go-difflib v1.0.0/go.mod h1:iKH77koFhYxTK1pcRnkKkqfTogsbg7gZNVY4sRDYZ/4=
github.com/rs/cors v0.0.0-20170608165155-8dd4211afb5d h1:573lGU02rfWK16h656qmmul1zPul8WPPCDekyq+keVs=
github.com/rs/cors v0.0.0-20170608165155-8dd4211afb5d/go.mod h1:gFx+x8UowdsKA9AchylcLynDq+nNFfI8FkUZdN/jGCU=
github.com/russellhaering/gosaml2 v0.3.1 h1:s+Oz2RRS83uqocWhWdR8Gbtze4g84cWQqNUm/GqYAs0=
github.com/russellhaering/gosaml2 v0.3.1/go.mod h1:niieRtQaw+opTVp9jzZo1nAAoksI2eNpd+weDcjZ+Mk=
github.com/russellhaering/goxmldsig v0.0.0-20180430223755-7acd5e4a6ef7 h1:J4AOUcOh/t1XbQcJfkEqhzgvMJ2tDxdCVvmHxW5QXao=
github.com/russellhaering/goxmldsig v0.0.0-20180430223755-7acd5e4a6ef7/go.mod h1:Oz4y6ImuOQZxynhbSXk7btjEfNBtGlj2dcaOvXl2FSM=
github.com/satori/go.uuid v0.0.0-20180103174451-36e9d2ebbde5 h1:tfcGHuraNSEY9xRb9ckCMqMD7xAjzrYI1WpD7DA+nz8=
github.com/satori/go.uuid v0.0.0-20180103174451-36e9d2ebbde5/go.mod h1:dA0hQrYB0VpLJoorglMZABFdXlWrHn1NEOzdhQKdks0=
github.com/sebest/xff v0.0.0-20160910043805-6c115e0ffa35 h1:eajwn6K3weW5cd1ZXLu2sJ4pvwlBiCWY4uDejOr73gM=
github.com/sebest/xff v0.0.0-20160910043805-6c115e0ffa35/go.mod h1:wozgYq9WEBQBaIJe4YZ0qTSFAMxmcwBhQH0fO0R34Z0=
github.com/serenize/snaker v0.0.0-20171204205717-a683aaf2d516 h1:ofR1ZdrNSkiWcMsRrubK9tb2/SlZVWttAfqUjJi6QYc=
github.com/serenize/snaker v0.0.0-20171204205717-a683aaf2d516/go.mod h1:Yow6lPLSAXx2ifx470yD/nUe22Dv5vBvxK/UK9UUTVs=
github.com/sergi/go-diff v0.0.0-20180205163309-da645544ed44/go.mod h1:0CfEIISq7TuYL3j771MWULgwwjU+GofnZX9QAmXWZgo=
github.com/sergi/go-diff v1.0.0 h1:Kpca3qRNrduNnOQeazBd0ysaKrUJiIuISHxogkT9RPQ=
github.com/sergi/go-diff v1.0.0/go.mod h1:0CfEIISq7TuYL3j771MWULgwwjU+GofnZX9QAmXWZgo=
github.com/shopify/logrus-bugsnag v0.0.0-20170309145241-6dbc35f2c30d h1:sbFYt64AiE+03DzfiQJBEowP+C8hVnEbKwCCy5HlVdc=
github.com/shopify/logrus-bugsnag v0.0.0-20170309145241-6dbc35f2c30d/go.mod h1:DmcHeT/UuSDXaCVb8IijmL+fHX+FK9TLy98W7mfDXXg=
github.com/shurcooL/go v0.0.0-20180423040247-9e1955d9fb6e/go.mod h1:TDJrrUr11Vxrven61rcy3hJMUqaf/CLWYhHNPmT14Lk=
github.com/shurcooL/go-goon v0.0.0-20170922171312-37c2f522c041/go.mod h1:N5mDOmsrJOB+vfqUK+7DmDyjhSLIIBnXo9lvZJj3MWQ=
github.com/shurcooL/highlight_diff v0.0.0-20170515013008-09bb4053de1b h1:vYEG87HxbU6dXj5npkeulCS96Dtz5xg3jcfCgpcvbIw=
github.com/shurcooL/highlight_diff v0.0.0-20170515013008-09bb4053de1b/go.mod h1:ZpfEhSmds4ytuByIcDnOLkTHGUI6KNqRNPDLHDk+mUU=
github.com/shurcooL/highlight_go v0.0.0-20170515013102-78fb10f4a5f8 h1:xLQlo0Ghg8zBaQi+tjpK+z/WLjbg/BhAWP9pYgqo/LQ=
github.com/shurcooL/highlight_go v0.0.0-20170515013102-78fb10f4a5f8/go.mod h1:UDKB5a1T23gOMUJrI+uSuH0VRDStOiUVSjBTRDVBVag=
github.com/shurcooL/octicon v0.0.0-20180602230221-c42b0e3b24d9 h1:j3cAp1j8k/tSLaCcDiXIpVJ8FzSJ9g1eeOAPRJYM75k=
github.com/shurcooL/octicon v0.0.0-20180602230221-c42b0e3b24d9/go.mod h1:eWdoE5JD4R5UVWDucdOPg1g2fqQRq78IQa9zlOV1vpQ=
github.com/shurcooL/sanitized_anchor_name v0.0.0-20170918181015-86672fcb3f95 h1:/vdW8Cb7EXrkqWGufVMES1OH2sU9gKVb2n9/1y5NMBY=
github.com/shurcooL/sanitized_anchor_name v0.0.0-20170918181015-86672fcb3f95/go.mod h1:1NzhyTcUVG4SuEtjjoZeVRXNmyL/1OwPU0+IJeTBvfc=
github.com/signalfx/com_signalfx_metrics_protobuf v0.0.0-20170330202426-93e507b42f43 h1:JRmIUcy6IKEDUV0SHg7393Fh8DomnKRfz6qDto43hx8=
github.com/signalfx/com_signalfx_metrics_protobuf v0.0.0-20170330202426-93e507b42f43/go.mod h1:muYA2clvwCdj7nzAJ5vJIXYpJsUumhAl4Uu1wUNpWzA=
github.com/signalfx/gohistogram v0.0.0-20160107210732-1ccfd2ff5083 h1:WsShHmu12ZztYPfh9b+I+VjYD1o8iOHhB67WZCMEEE8=
github.com/signalfx/gohistogram v0.0.0-20160107210732-1ccfd2ff5083/go.mod h1:adPDS6s7WaajdFBV9mQ7i0dKfQ8xiDnF9ZNETVPpp7c=
github.com/signalfx/golib v1.0.0 h1:83rjhi/Av0ANt8Jhfdk0eg5o/z3KzaZ4G2sP93DRxQI=
github.com/signalfx/golib v1.0.0/go.mod h1:nWYefOwlUKWm/SpN/LgVSBnyH1T9NpT1ANlmgRIi1Cs=
github.com/sirupsen/logrus v1.0.3 h1:B5C/igNWoiULof20pKfY4VntcIPqKuwEmoLZrabbUrc=
github.com/sirupsen/logrus v1.0.3/go.mod h1:pMByvHTf9Beacp5x1UXfOR9xyW/9antXMhjMPG0dEzc=
github.com/sourcegraph/annotate v0.0.0-20160123013949-f4cad6c6324d h1:yKm7XZV6j9Ev6lojP2XaIshpT4ymkqhMeSghO5Ps00E=
github.com/sourcegraph/annotate v0.0.0-20160123013949-f4cad6c6324d/go.mod h1:UdhH50NIW0fCiwBSr0co2m7BnFLdv4fQTgdqdJTHFeE=
github.com/sourcegraph/syntaxhighlight v0.0.0-20170531221838-bd320f5d308e h1:qpG93cPwA5f7s/ZPBJnGOYQNK/vKsaDaseuKT5Asee8=
github.com/sourcegraph/syntaxhighlight v0.0.0-20170531221838-bd320f5d308e/go.mod h1:HuIsMU8RRBOtsCgI77wP899iHVBQpCmg4ErYMZB+2IA=
github.com/spf13/afero v0.0.0-20160821083612-20500e2abd0d h1:sd1qRX4NJPdIHizg+E7cK0kFaJRjwfJFQyUJUguwIak=
github.com/spf13/afero v0.0.0-20160821083612-20500e2abd0d/go.mod h1:j4pytiNVoe2o6bmDsKpLACNPDBIoEAkihy7loJ1B0CQ=
github.com/spf13/cast v0.0.0-20160730092037-e31f36ffc91a h1:tPI5RnYZJhcXj0LhJ9pi7PS7gqOhuFR+4HEKyDz3BnQ=
github.com/spf13/cast v0.0.0-20160730092037-e31f36ffc91a/go.mod h1:r2rcYCSwa1IExKTDiTfzaxqT2FNHs8hODu4LnUfgKEg=
github.com/spf13/cobra v0.0.0-20170228191748-fcd0c5a1df88 h1:gtQhsEOuPoLkS8vHv0VGgyonGFFj7vqDH9plPHSdulg=
github.com/spf13/cobra v0.0.0-20170228191748-fcd0c5a1df88/go.mod h1:1l0Ry5zgKvJasoi3XT1TypsSe7PqH0Sj9dhYf7v3XqQ=
github.com/spf13/jwalterweatherman v0.0.0-20160311093646-33c24e77fb80 h1:evyGXhHMrxKBDkdlSPv9HMWV2o53o+Ibhm28BGc0450=
github.com/spf13/jwalterweatherman v0.0.0-20160311093646-33c24e77fb80/go.mod h1:cQK4TGJAtQXfYWX+Ddv3mKDzgVb68N+wFjFa4jdeBTo=
github.com/spf13/pflag v0.0.0-20170130214245-9ff6c6923cff h1:VARhShG49tiji6mdRNp7JTNDtJ0FhuprF93GBQ37xGU=
github.com/spf13/pflag v0.0.0-20170130214245-9ff6c6923cff/go.mod h1:DYY7MBk1bdzusC3SYhjObp+wFpr4gzcvqqNjLnInEg4=
github.com/spf13/viper v1.0.0 h1:RUA/ghS2i64rlnn4ydTfblY8Og8QzcPtCcHvgMn+w/I=
github.com/spf13/viper v1.0.0/go.mod h1:A8kyI5cUJhb8N+3pkfONlcEcZbueH6nhAm0Fq7SrnBM=
github.com/streadway/amqp v0.0.0-20170707203015-2cbfe40c9341 h1:Pt0+LCXmuNNCiVJu1fDjydxdqSicM9nv3E+6aq/0eQU=
github.com/streadway/amqp v0.0.0-20170707203015-2cbfe40c9341/go.mod h1:1WNBiOZtZQLpVAyu0iTduoJL9hEsMloAK5XWrtW0xdY=
github.com/stretchr/testify v1.2.0/go.mod h1:a8OnRcib4nhh0OaRAV+Yts87kKdq0PP7pXfy6kDkUVs=
github.com/stretchr/testify v1.2.2 h1:bSDNvY7ZPG5RlJ8otE/7V6gMiyenm9RtJ7IUVIAoJ1w=
github.com/stretchr/testify v1.2.2/go.mod h1:a8OnRcib4nhh0OaRAV+Yts87kKdq0PP7pXfy6kDkUVs=
golang.org/x/crypto v0.0.0-20180127211104-1875d0a70c90 h1:DNyuYmiOz3AH2rGH1n4YsZUvxVhkeMvSs8s31jiWpm0=
golang.org/x/crypto v0.0.0-20180127211104-1875d0a70c90/go.mod h1:6SG95UA2DQfeDnfUPMdvaQW0Q7yPrPDi9nlGo2tz2b4=
golang.org/x/net v0.0.0-20170303215036-d379faa25cbd/go.mod h1:mL1N/T3taQHkDXs73rZJwtUhF3w3ftmwwsq0BUmARs4=
golang.org/x/net v0.0.0-20180724234803-3673e40ba225/go.mod h1:mL1N/T3taQHkDXs73rZJwtUhF3w3ftmwwsq0BUmARs4=
golang.org/x/net v0.0.0-20180906233101-161cd47e91fd/go.mod h1:mL1N/T3taQHkDXs73rZJwtUhF3w3ftmwwsq0BUmARs4=
golang.org/x/net v0.0.0-20180921000356-2f5d2388922f/go.mod h1:mL1N/T3taQHkDXs73rZJwtUhF3w3ftmwwsq0BUmARs4=
golang.org/x/net v0.0.0-20180926154720-4dfa2610cdf3 h1:dgd4x4kJt7G4k4m93AYLzM8Ni6h2qLTfh9n9vXJT3/0=
golang.org/x/net v0.0.0-20180926154720-4dfa2610cdf3/go.mod h1:mL1N/T3taQHkDXs73rZJwtUhF3w3ftmwwsq0BUmARs4=
golang.org/x/oauth2 v0.0.0-20170807180024-9a379c6b3e95 h1:RS+wSrhdVci7CsPwJaMN8exaP3UTuQU0qB34R/E/JD0=
golang.org/x/oauth2 v0.0.0-20170807180024-9a379c6b3e95/go.mod h1:N/0e6XlmueqKjAGxoOufVs8QHGRruUQn6yWY3a++T0U=
golang.org/x/sync v0.0.0-20171101214715-fd80eb99c8f6/go.mod h1:RxMgew5VJxzue5/jJTE5uejpjVlOe/izrB70Jof72aM=
golang.org/x/sync v0.0.0-20180314180146-1d60e4601c6f h1:wMNYb4v58l5UBM7MYRLPG6ZhfOqbKu7X5eyFl8ZhKvA=
golang.org/x/sync v0.0.0-20180314180146-1d60e4601c6f/go.mod h1:RxMgew5VJxzue5/jJTE5uejpjVlOe/izrB70Jof72aM=
golang.org/x/sys v0.0.0-20180202135801-37707fdb30a5/go.mod h1:STP8DvDyc/dI5b8T5hshtkjS+E42TnysNCUPdjciGhY=
golang.org/x/sys v0.0.0-20180909124046-d0be0721c37e/go.mod h1:STP8DvDyc/dI5b8T5hshtkjS+E42TnysNCUPdjciGhY=
golang.org/x/sys v0.0.0-20180927150500-dad3d9fb7b6e h1:AqqkRhkzWTerVplYmF0GrGl2ri2S5+F5xhJfDSc/SJY=
golang.org/x/sys v0.0.0-20180927150500-dad3d9fb7b6e/go.mod h1:STP8DvDyc/dI5b8T5hshtkjS+E42TnysNCUPdjciGhY=
golang.org/x/text v0.0.0-20170303005346-f28f36722d5e/go.mod h1:NqM8EUOU14njkJ3fqMW+pc6Ldnwhi/IjpwHt7yyuwOQ=
golang.org/x/text v0.3.0 h1:g61tztE5qeGQ89tm6NTjjM9VPIm088od1l6aSorWRWg=
golang.org/x/text v0.3.0/go.mod h1:NqM8EUOU14njkJ3fqMW+pc6Ldnwhi/IjpwHt7yyuwOQ=
google.golang.org/api v0.0.0-20170821230356-dd6bdadc5852 h1:8m8eq+cjxNeY7X4z1lAx4a/bvw17NXWalnzXTRrDQHE=
google.golang.org/api v0.0.0-20170821230356-dd6bdadc5852/go.mod h1:4mhQ8q/RsB7i+udVvVy5NUi08OU8ZlA0gRVgrF7VFY0=
google.golang.org/appengine v0.0.0-20170814190942-d9a072cfa7b9/go.mod h1:EbEs0AVv82hx2wNQdGPgUI5lhzA/G0D9YwlJXL52JkM=
google.golang.org/appengine v1.2.0/go.mod h1:xpcJRLb0r/rnEns0DIKYYv+WjYCduHsrkT7/EB5XEv4=
gopkg.in/airbrake/gobrake.v2 v2.0.9 h1:7z2uVWwn7oVeeugY1DtlPAy5H+KYgB1KeKTnqjNatLo=
gopkg.in/airbrake/gobrake.v2 v2.0.9/go.mod h1:/h5ZAUhDkGaJfjzjKLSjv6zCL6O0LLBxU4K+aSYdM/U=
gopkg.in/alexcesaro/quotedprintable.v3 v3.0.0-20150716171945-2caba252f4dc/go.mod h1:m7x9LTH6d71AHyAX77c9yqWCCa3UKHcVEj9y7hAtKDk=
gopkg.in/check.v1 v0.0.0-20161208181325-20d25e280405/go.mod h1:Co6ibVJAznAaIkqp8huTwlJQCZ016jof/cbN4VW5Yz0=
gopkg.in/check.v1 v1.0.0-20180628173108-788fd7840127 h1:qIbj1fsPNlZgppZ+VLlY7N33q108Sa+fhmuc+sWQYwY=
gopkg.in/check.v1 v1.0.0-20180628173108-788fd7840127/go.mod h1:Co6ibVJAznAaIkqp8huTwlJQCZ016jof/cbN4VW5Yz0=
gopkg.in/fsnotify.v1 v1.4.7/go.mod h1:Tz8NjZHkW78fSQdbUxIjBTcgA1z1m8ZHf0WmKUhAMys=
gopkg.in/gemnasium/logrus-airbrake-hook.v2 v2.1.2 h1:OAj3g0cR6Dx/R07QgQe8wkA9RNjB2u4i700xBkIT4e0=
gopkg.in/gemnasium/logrus-airbrake-hook.v2 v2.1.2/go.mod h1:Xk6kEKp8OKb+X14hQBKWaSkCsqBpgog8nAV2xsGOxlo=
gopkg.in/gomail.v2 v2.0.0-20150902115704-41f357289737 h1:NvePS/smRcFQ4bMtTddFtknbGCtoBkJxGmpSpVRafCc=
gopkg.in/gomail.v2 v2.0.0-20150902115704-41f357289737/go.mod h1:LRQQ+SO6ZHR7tOkpBDuZnXENFzX8qRjMDMyPD6BRkCw=
gopkg.in/logfmt.v0 v0.3.0 h1:SiZDwieL7v5NrIXHyGir38XvjZuyPFy8HUvNjRwnBc4=
gopkg.in/logfmt.v0 v0.3.0/go.mod h1:mRLMcMLrml5h2Ux/H+4zccFOlVCiRvOvndsolsJoU8Q=
gopkg.in/stack.v1 v1.6.0 h1:WkfFeTqPHn0dtlW3InvWjpVVIb0to4vZ3Qoy8PMTV80=
gopkg.in/stack.v1 v1.6.0/go.mod h1:QtWz4C5wbvhA63ngux3942W/ppRxtyYjHvvhz02s7+M=
gopkg.in/tomb.v1 v1.0.0-20141024135613-dd632973f1e7/go.mod h1:dt/ZhP58zS4L8KSrWDmTeBkI65Dw0HsyUHuEVlX15mw=
gopkg.in/yaml.v1 v1.0.0-20140924161607-9f9df34309c0 h1:POO/ycCATvegFmVuPpQzZFJ+pGZeX22Ufu6fibxDVjU=
gopkg.in/yaml.v1 v1.0.0-20140924161607-9f9df34309c0/go.mod h1:WDnlLJ4WF5VGsH/HVa3CI79GS0ol3YnhVnKP89i0kNg=
gopkg.in/yaml.v2 v2.0.0-20170208141851-a3f3340b5840/go.mod h1:JAlM8MvJe8wmxCU4Bli9HhUf9+ttbYbLASfIpnQbh74=
gopkg.in/yaml.v2 v2.2.1 h1:mUhvW9EsL+naU5Q3cakzfE91YhliOondGd6ZrsDBHQE=
gopkg.in/yaml.v2 v2.2.1/go.mod h1:hI93XBmqTisBFMUTm0b8Fm+jr3Dg1NNxqwp+5A1VGuI=
